
Microsoft Visual Studio Solution File, Format Version 12.00
# Visual Studio Version 17
VisualStudioVersion = 17.8.0
MinimumVisualStudioVersion = 10.0.40219.1
Project("{9A19103F-16F7-4668-BE54-9A1E7A4F7556}") = "WallpaperMaker.WinForm", "WallpaperMaker\WallpaperMaker.WinForm.csproj", "{35798CB8-55E3-4B83-96ED-3FF72BCC2C38}"
EndProject
Project("{9A19103F-16F7-4668-BE54-9A1E7A4F7556}") = "WallpaperMaker.Domain", "WallpaperMaker.Domain\WallpaperMaker.Domain.csproj", "{0D6A8E90-C882-4C64-A5D2-3E7EAAE2F56A}"
EndProject
Project("{9A19103F-16F7-4668-BE54-9A1E7A4F7556}") = "WallpaperMaker.Cli", "WallpaperMaker.Cli\WallpaperMaker.Cli.csproj", "{A1B2C3D4-E5F6-7890-ABCD-EF1234567890}"
EndProject
Project("{9A19103F-16F7-4668-BE54-9A1E7A4F7556}") = "WallpaperMaker.Tests", "WallpaperMaker.Tests\WallpaperMaker.Tests.csproj", "{B2C3D4E5-F6A7-8901-BCDE-F12345678901}"
EndProject
Global
	GlobalSection(SolutionConfigurationPlatforms) = preSolution
		Debug|Any CPU = Debug|Any CPU
		Debug|x64 = Debug|x64
		Release|Any CPU = Release|Any CPU
		Release|x64 = Release|x64
	EndGlobalSection
	GlobalSection(ProjectConfigurationPlatforms) = postSolution
		{35798CB8-55E3-4B83-96ED-3FF72BCC2C38}.Debug|Any CPU.ActiveCfg = Debug|Any CPU
		{35798CB8-55E3-4B83-96ED-3FF72BCC2C38}.Debug|Any CPU.Build.0 = Debug|Any CPU
		{35798CB8-55E3-4B83-96ED-3FF72BCC2C38}.Debug|x64.ActiveCfg = Debug|x64
		{35798CB8-55E3-4B83-96ED-3FF72BCC2C38}.Debug|x64.Build.0 = Debug|x64
		{35798CB8-55E3-4B83-96ED-3FF72BCC2C38}.Release|Any CPU.ActiveCfg = Release|Any CPU
		{35798CB8-55E3-4B83-96ED-3FF72BCC2C38}.Release|Any CPU.Build.0 = Release|Any CPU
		{35798CB8-55E3-4B83-96ED-3FF72BCC2C38}.Release|x64.ActiveCfg = Release|x64
		{35798CB8-55E3-4B83-96ED-3FF72BCC2C38}.Release|x64.Build.0 = Release|x64
		{0D6A8E90-C882-4C64-A5D2-3E7EAAE2F56A}.Debug|Any CPU.ActiveCfg = Debug|Any CPU
		{0D6A8E90-C882-4C64-A5D2-3E7EAAE2F56A}.Debug|Any CPU.Build.0 = Debug|Any CPU
		{0D6A8E90-C882-4C64-A5D2-3E7EAAE2F56A}.Debug|x64.ActiveCfg = Debug|Any CPU
		{0D6A8E90-C882-4C64-A5D2-3E7EAAE2F56A}.Debug|x64.Build.0 = Debug|Any CPU
		{0D6A8E90-C882-4C64-A5D2-3E7EAAE2F56A}.Release|Any CPU.ActiveCfg = Release|Any CPU
		{0D6A8E90-C882-4C64-A5D2-3E7EAAE2F56A}.Release|Any CPU.Build.0 = Release|Any CPU
		{0D6A8E90-C882-4C64-A5D2-3E7EAAE2F56A}.Release|x64.ActiveCfg = Release|Any CPU
		{0D6A8E90-C882-4C64-A5D2-3E7EAAE2F56A}.Release|x64.Build.0 = Release|Any CPU
		{A1B2C3D4-E5F6-7890-ABCD-EF1234567890}.Debug|Any CPU.ActiveCfg = Debug|Any CPU
		{A1B2C3D4-E5F6-7890-ABCD-EF1234567890}.Debug|Any CPU.Build.0 = Debug|Any CPU
		{A1B2C3D4-E5F6-7890-ABCD-EF1234567890}.Debug|x64.ActiveCfg = Debug|Any CPU
		{A1B2C3D4-E5F6-7890-ABCD-EF1234567890}.Debug|x64.Build.0 = Debug|Any CPU
		{A1B2C3D4-E5F6-7890-ABCD-EF1234567890}.Release|Any CPU.ActiveCfg = Release|Any CPU
		{A1B2C3D4-E5F6-7890-ABCD-EF1234567890}.Release|Any CPU.Build.0 = Release|Any CPU
		{A1B2C3D4-E5F6-7890-ABCD-EF1234567890}.Release|x64.ActiveCfg = Release|Any CPU
		{A1B2C3D4-E5F6-7890-ABCD-EF1234567890}.Release|x64.Build.0 = Release|Any CPU
		{B2C3D4E5-F6A7-8901-BCDE-F12345678901}.Debug|Any CPU.ActiveCfg = Debug|Any CPU
		{B2C3D4E5-F6A7-8901-BCDE-F12345678901}.Debug|Any CPU.Build.0 = Debug|Any CPU
		{B2C3D4E5-F6A7-8901-BCDE-F12345678901}.Debug|x64.ActiveCfg = Debug|Any CPU
		{B2C3D4E5-F6A7-8901-BCDE-F12345678901}.Debug|x64.Build.0 = Debug|Any CPU
		{B2C3D4E5-F6A7-8901-BCDE-F12345678901}.Release|Any CPU.ActiveCfg = Release|Any CPU
		{B2C3D4E5-F6A7-8901-BCDE-F12345678901}.Release|Any CPU.Build.0 = Release|Any CPU
		{B2C3D4E5-F6A7-8901-BCDE-F12345678901}.Release|x64.ActiveCfg = Release|Any CPU
		{B2C3D4E5-F6A7-8901-BCDE-F12345678901}.Release|x64.Build.0 = Release|Any CPU
	EndGlobalSection
	GlobalSection(SolutionProperties) = preSolution
		HideSolutionNode = FALSE
	EndGlobalSection
	GlobalSection(ExtensibilityGlobals) = postSolution
		SolutionGuid = {FB35D026-27FA-4AB2-8335-735C29993AA6}
	EndGlobalSection
EndGlobal
